// !$*UTF8*$!
{
	archiveVersion = 1;
	classes = {
	};
	objectVersion = 51;
	objects = {

/* Begin PBXBuildFile section */
		02ADE1DA7A497DCA4CD129E2 /* Pods_SimpleVideoApp.framework in Frameworks */ = {isa = PBXBuildFile; fileRef = BBB13B2B6C9FAAABE0DA23B1 /* Pods_SimpleVideoApp.framework */; };
		B704519F24E298CE00EFFD71 /* VideoInfoEntity.swift in Sources */ = {isa = PBXBuildFile; fileRef = B704519E24E298CE00EFFD71 /* VideoInfoEntity.swift */; };
		B729E93D24DBEA9700ACB551 /* DownloadedVideoBaseViewController.swift in Sources */ = {isa = PBXBuildFile; fileRef = B729E93C24DBEA9700ACB551 /* DownloadedVideoBaseViewController.swift */; };
		B729E93F24DBEC5C00ACB551 /* DownloadedVideoBase.storyboard in Resources */ = {isa = PBXBuildFile; fileRef = B729E93E24DBEC5C00ACB551 /* DownloadedVideoBase.storyboard */; };
		B729E94124DC3EB600ACB551 /* PurchasedVideoBase.storyboard in Resources */ = {isa = PBXBuildFile; fileRef = B729E94024DC3EB600ACB551 /* PurchasedVideoBase.storyboard */; };
		B729E94324DC3EEE00ACB551 /* PurchasedVideoBaseViewController.swift in Sources */ = {isa = PBXBuildFile; fileRef = B729E94224DC3EEE00ACB551 /* PurchasedVideoBaseViewController.swift */; };
		B729E94524DC3F3200ACB551 /* MyListBase.storyboard in Resources */ = {isa = PBXBuildFile; fileRef = B729E94424DC3F3200ACB551 /* MyListBase.storyboard */; };
		B729E94924DC3FA200ACB551 /* MyListViewController.swift in Sources */ = {isa = PBXBuildFile; fileRef = B729E94824DC3FA200ACB551 /* MyListViewController.swift */; };
		B729E94B24DC3FC100ACB551 /* MyListBaseViewController.swift in Sources */ = {isa = PBXBuildFile; fileRef = B729E94A24DC3FC100ACB551 /* MyListBaseViewController.swift */; };
		B72F39C124DB4CC40005CD8E /* DownloadedVideoViewController.swift in Sources */ = {isa = PBXBuildFile; fileRef = B72F39C024DB4CC40005CD8E /* DownloadedVideoViewController.swift */; };
		B72F39C324DB55190005CD8E /* SlideMenuViewController.swift in Sources */ = {isa = PBXBuildFile; fileRef = B72F39C224DB55190005CD8E /* SlideMenuViewController.swift */; };
		B74CE83424DE895A00167551 /* GoogleService-Info.plist in Resources */ = {isa = PBXBuildFile; fileRef = B74CE83324DE895A00167551 /* GoogleService-Info.plist */; };
		B75CB48924DEEDBB00400448 /* RegistrationViewController.swift in Sources */ = {isa = PBXBuildFile; fileRef = B75CB48824DEEDBB00400448 /* RegistrationViewController.swift */; };
		B75CB48B24DEEDD100400448 /* Registration.storyboard in Resources */ = {isa = PBXBuildFile; fileRef = B75CB48A24DEEDD100400448 /* Registration.storyboard */; };
		B75CB48D24DEEE0500400448 /* PasswordReissueViewController.swift in Sources */ = {isa = PBXBuildFile; fileRef = B75CB48C24DEEE0500400448 /* PasswordReissueViewController.swift */; };
		B75CB48F24DEEE1F00400448 /* PasswordReissue.storyboard in Resources */ = {isa = PBXBuildFile; fileRef = B75CB48E24DEEE1F00400448 /* PasswordReissue.storyboard */; };
		B75CB49124DEF08A00400448 /* CustomInputPartsView.xib in Resources */ = {isa = PBXBuildFile; fileRef = B75CB49024DEF08A00400448 /* CustomInputPartsView.xib */; };
		B75CB49324DEF14700400448 /* CustomInputPartsView.swift in Sources */ = {isa = PBXBuildFile; fileRef = B75CB49224DEF14700400448 /* CustomInputPartsView.swift */; };
		B75EAA6124DC9F0900DEB06F /* VideoPlayer.storyboard in Resources */ = {isa = PBXBuildFile; fileRef = B75EAA6024DC9F0900DEB06F /* VideoPlayer.storyboard */; };
		B75EAA6324DC9F5900DEB06F /* VideoPlayerView.swift in Sources */ = {isa = PBXBuildFile; fileRef = B75EAA6224DC9F5900DEB06F /* VideoPlayerView.swift */; };
		B75EAA6524DCA1F300DEB06F /* VideoPlayerViewController.swift in Sources */ = {isa = PBXBuildFile; fileRef = B75EAA6424DCA1F300DEB06F /* VideoPlayerViewController.swift */; };
		B762227124DDF6B40067BF20 /* FirebaseService.swift in Sources */ = {isa = PBXBuildFile; fileRef = B762227024DDF6B40067BF20 /* FirebaseService.swift */; };
		B762227524DDFA0B0067BF20 /* VideoInfo.swift in Sources */ = {isa = PBXBuildFile; fileRef = B762227424DDFA0B0067BF20 /* VideoInfo.swift */; };
		B7679D5324E19DD2005DEFF9 /* WiFiSettingEntity.swift in Sources */ = {isa = PBXBuildFile; fileRef = B7679D5224E19DD2005DEFF9 /* WiFiSettingEntity.swift */; };
		B77330F824DF919D0035902B /* FirebaseStorageService.swift in Sources */ = {isa = PBXBuildFile; fileRef = B77330F724DF919D0035902B /* FirebaseStorageService.swift */; };
		B77C697A24D9BA0F00F25E4A /* LoginPresenter.swift in Sources */ = {isa = PBXBuildFile; fileRef = B77C697924D9BA0F00F25E4A /* LoginPresenter.swift */; };
		B782733C24D8812E005A2FD6 /* PurchasedVideo.storyboard in Resources */ = {isa = PBXBuildFile; fileRef = B782733B24D8812E005A2FD6 /* PurchasedVideo.storyboard */; };
		B782733E24D88148005A2FD6 /* DownloadedVideo.storyboard in Resources */ = {isa = PBXBuildFile; fileRef = B782733D24D88148005A2FD6 /* DownloadedVideo.storyboard */; };
		B782734024D88165005A2FD6 /* MyList.storyboard in Resources */ = {isa = PBXBuildFile; fileRef = B782733F24D88165005A2FD6 /* MyList.storyboard */; };
		B782734224D88186005A2FD6 /* SearchVideo.storyboard in Resources */ = {isa = PBXBuildFile; fileRef = B782734124D88186005A2FD6 /* SearchVideo.storyboard */; };
		B782734424D881BC005A2FD6 /* Setting.storyboard in Resources */ = {isa = PBXBuildFile; fileRef = B782734324D881BC005A2FD6 /* Setting.storyboard */; };
		B782734624D88210005A2FD6 /* SearchVideoViewController.swift in Sources */ = {isa = PBXBuildFile; fileRef = B782734524D88210005A2FD6 /* SearchVideoViewController.swift */; };
		B782734824D88225005A2FD6 /* SettingViewController.swift in Sources */ = {isa = PBXBuildFile; fileRef = B782734724D88225005A2FD6 /* SettingViewController.swift */; };
		B782734C24D88380005A2FD6 /* PurchasedVideoPresenter.swift in Sources */ = {isa = PBXBuildFile; fileRef = B782734B24D88380005A2FD6 /* PurchasedVideoPresenter.swift */; };
		B782734E24D8838C005A2FD6 /* DownloadedVideoPresenter.swift in Sources */ = {isa = PBXBuildFile; fileRef = B782734D24D8838C005A2FD6 /* DownloadedVideoPresenter.swift */; };
		B782735024D8839B005A2FD6 /* MyListPresenter.swift in Sources */ = {isa = PBXBuildFile; fileRef = B782734F24D8839B005A2FD6 /* MyListPresenter.swift */; };
		B782735224D883AB005A2FD6 /* SearchVideoPresenter.swift in Sources */ = {isa = PBXBuildFile; fileRef = B782735124D883AB005A2FD6 /* SearchVideoPresenter.swift */; };
		B782735424D883B8005A2FD6 /* SettingPresenter.swift in Sources */ = {isa = PBXBuildFile; fileRef = B782735324D883B8005A2FD6 /* SettingPresenter.swift */; };
		B785CE6A24D9C3B40036393B /* CommonPresenter.swift in Sources */ = {isa = PBXBuildFile; fileRef = B785CE6924D9C3B40036393B /* CommonPresenter.swift */; };
		B785CE6C24D9C44E0036393B /* BaseViewController.swift in Sources */ = {isa = PBXBuildFile; fileRef = B785CE6B24D9C44E0036393B /* BaseViewController.swift */; };
		B791312A24DA861E00E0892A /* R.generated.swift in Sources */ = {isa = PBXBuildFile; fileRef = B791312924DA861E00E0892A /* R.generated.swift */; };
		B791312C24DA8C8600E0892A /* PurchasedVideoViewController.swift in Sources */ = {isa = PBXBuildFile; fileRef = B791312B24DA8C8600E0892A /* PurchasedVideoViewController.swift */; };
		B791312E24DA93F300E0892A /* SlideMenu.storyboard in Resources */ = {isa = PBXBuildFile; fileRef = B791312D24DA93F300E0892A /* SlideMenu.storyboard */; };
		B791313224DA9FE500E0892A /* CustomNavigationBarView.xib in Resources */ = {isa = PBXBuildFile; fileRef = B791313124DA9FE500E0892A /* CustomNavigationBarView.xib */; };
		B791313824DAA0D000E0892A /* CustomNavigationBarView.swift in Sources */ = {isa = PBXBuildFile; fileRef = B791313724DAA0CF00E0892A /* CustomNavigationBarView.swift */; };
		B791313A24DAA0F800E0892A /* VideoListTableViewCell.swift in Sources */ = {isa = PBXBuildFile; fileRef = B791313924DAA0F800E0892A /* VideoListTableViewCell.swift */; };
		B791313C24DABA0C00E0892A /* BaseView.swift in Sources */ = {isa = PBXBuildFile; fileRef = B791313B24DABA0C00E0892A /* BaseView.swift */; };
		B79E8A4E24D8788C00923859 /* AppDelegate.swift in Sources */ = {isa = PBXBuildFile; fileRef = B79E8A4D24D8788C00923859 /* AppDelegate.swift */; };
		B79E8A5024D8788C00923859 /* SceneDelegate.swift in Sources */ = {isa = PBXBuildFile; fileRef = B79E8A4F24D8788C00923859 /* SceneDelegate.swift */; };
		B79E8A5224D8788C00923859 /* LoginViewController.swift in Sources */ = {isa = PBXBuildFile; fileRef = B79E8A5124D8788C00923859 /* LoginViewController.swift */; };
		B79E8A5524D8788C00923859 /* Login.storyboard in Resources */ = {isa = PBXBuildFile; fileRef = B79E8A5324D8788C00923859 /* Login.storyboard */; };
		B79E8A5724D8788F00923859 /* Assets.xcassets in Resources */ = {isa = PBXBuildFile; fileRef = B79E8A5624D8788F00923859 /* Assets.xcassets */; };
		B79E8A5A24D8788F00923859 /* LaunchScreen.storyboard in Resources */ = {isa = PBXBuildFile; fileRef = B79E8A5824D8788F00923859 /* LaunchScreen.storyboard */; };
		B7A2ADA924DAFEBD009B53C0 /* VideoListTableViewCell.xib in Resources */ = {isa = PBXBuildFile; fileRef = B7A2ADA824DAFEBD009B53C0 /* VideoListTableViewCell.xib */; };
		B7A2DEC524E181D50028E5DF /* NetworkStatusService.swift in Sources */ = {isa = PBXBuildFile; fileRef = B7A2DEC424E181D50028E5DF /* NetworkStatusService.swift */; };
		B7A2DEC924E1978B0028E5DF /* Constant.swift in Sources */ = {isa = PBXBuildFile; fileRef = B7A2DEC824E1978B0028E5DF /* Constant.swift */; };
		B7CD6CAF24DF177D00C37A5A /* RegistrationPresenter.swift in Sources */ = {isa = PBXBuildFile; fileRef = B7CD6CAE24DF177D00C37A5A /* RegistrationPresenter.swift */; };
		B7CD6CB124DF189700C37A5A /* PasswordReissuePresenter.swift in Sources */ = {isa = PBXBuildFile; fileRef = B7CD6CB024DF189600C37A5A /* PasswordReissuePresenter.swift */; };
/* End PBXBuildFile section */

/* Begin PBXFileReference section */
		8F3B7AE048029E371A96A30C /* Pods-SimpleVideoApp.release.xcconfig */ = {isa = PBXFileReference; includeInIndex = 1; lastKnownFileType = text.xcconfig; name = "Pods-SimpleVideoApp.release.xcconfig"; path = "Target Support Files/Pods-SimpleVideoApp/Pods-SimpleVideoApp.release.xcconfig"; sourceTree = "<group>"; };
		B704519E24E298CE00EFFD71 /* VideoInfoEntity.swift */ = {isa = PBXFileReference; lastKnownFileType = sourcecode.swift; path = VideoInfoEntity.swift; sourceTree = "<group>"; };
		B729E93C24DBEA9700ACB551 /* DownloadedVideoBaseViewController.swift */ = {isa = PBXFileReference; lastKnownFileType = sourcecode.swift; path = DownloadedVideoBaseViewController.swift; sourceTree = "<group>"; };
		B729E93E24DBEC5C00ACB551 /* DownloadedVideoBase.storyboard */ = {isa = PBXFileReference; lastKnownFileType = file.storyboard; path = DownloadedVideoBase.storyboard; sourceTree = "<group>"; };
		B729E94024DC3EB600ACB551 /* PurchasedVideoBase.storyboard */ = {isa = PBXFileReference; lastKnownFileType = file.storyboard; path = PurchasedVideoBase.storyboard; sourceTree = "<group>"; };
		B729E94224DC3EEE00ACB551 /* PurchasedVideoBaseViewController.swift */ = {isa = PBXFileReference; lastKnownFileType = sourcecode.swift; path = PurchasedVideoBaseViewController.swift; sourceTree = "<group>"; };
		B729E94424DC3F3200ACB551 /* MyListBase.storyboard */ = {isa = PBXFileReference; lastKnownFileType = file.storyboard; path = MyListBase.storyboard; sourceTree = "<group>"; };
		B729E94824DC3FA200ACB551 /* MyListViewController.swift */ = {isa = PBXFileReference; lastKnownFileType = sourcecode.swift; path = MyListViewController.swift; sourceTree = "<group>"; };
		B729E94A24DC3FC100ACB551 /* MyListBaseViewController.swift */ = {isa = PBXFileReference; lastKnownFileType = sourcecode.swift; path = MyListBaseViewController.swift; sourceTree = "<group>"; };
		B72F39C024DB4CC40005CD8E /* DownloadedVideoViewController.swift */ = {isa = PBXFileReference; lastKnownFileType = sourcecode.swift; path = DownloadedVideoViewController.swift; sourceTree = "<group>"; };
		B72F39C224DB55190005CD8E /* SlideMenuViewController.swift */ = {isa = PBXFileReference; lastKnownFileType = sourcecode.swift; path = SlideMenuViewController.swift; sourceTree = "<group>"; };
		B74CE83324DE895A00167551 /* GoogleService-Info.plist */ = {isa = PBXFileReference; fileEncoding = 4; lastKnownFileType = text.plist.xml; path = "GoogleService-Info.plist"; sourceTree = "<group>"; };
		B75CB48824DEEDBB00400448 /* RegistrationViewController.swift */ = {isa = PBXFileReference; lastKnownFileType = sourcecode.swift; path = RegistrationViewController.swift; sourceTree = "<group>"; };
		B75CB48A24DEEDD100400448 /* Registration.storyboard */ = {isa = PBXFileReference; lastKnownFileType = file.storyboard; path = Registration.storyboard; sourceTree = "<group>"; };
		B75CB48C24DEEE0500400448 /* PasswordReissueViewController.swift */ = {isa = PBXFileReference; lastKnownFileType = sourcecode.swift; path = PasswordReissueViewController.swift; sourceTree = "<group>"; };
		B75CB48E24DEEE1F00400448 /* PasswordReissue.storyboard */ = {isa = PBXFileReference; lastKnownFileType = file.storyboard; path = PasswordReissue.storyboard; sourceTree = "<group>"; };
		B75CB49024DEF08A00400448 /* CustomInputPartsView.xib */ = {isa = PBXFileReference; lastKnownFileType = file.xib; path = CustomInputPartsView.xib; sourceTree = "<group>"; };
		B75CB49224DEF14700400448 /* CustomInputPartsView.swift */ = {isa = PBXFileReference; lastKnownFileType = sourcecode.swift; path = CustomInputPartsView.swift; sourceTree = "<group>"; };
		B75EAA6024DC9F0900DEB06F /* VideoPlayer.storyboard */ = {isa = PBXFileReference; lastKnownFileType = file.storyboard; path = VideoPlayer.storyboard; sourceTree = "<group>"; };
		B75EAA6224DC9F5900DEB06F /* VideoPlayerView.swift */ = {isa = PBXFileReference; lastKnownFileType = sourcecode.swift; path = VideoPlayerView.swift; sourceTree = "<group>"; };
		B75EAA6424DCA1F300DEB06F /* VideoPlayerViewController.swift */ = {isa = PBXFileReference; lastKnownFileType = sourcecode.swift; path = VideoPlayerViewController.swift; sourceTree = "<group>"; };
		B762227024DDF6B40067BF20 /* FirebaseService.swift */ = {isa = PBXFileReference; lastKnownFileType = sourcecode.swift; path = FirebaseService.swift; sourceTree = "<group>"; };
		B762227424DDFA0B0067BF20 /* VideoInfo.swift */ = {isa = PBXFileReference; lastKnownFileType = sourcecode.swift; path = VideoInfo.swift; sourceTree = "<group>"; };
		B7679D5224E19DD2005DEFF9 /* WiFiSettingEntity.swift */ = {isa = PBXFileReference; lastKnownFileType = sourcecode.swift; path = WiFiSettingEntity.swift; sourceTree = "<group>"; };
		B77330F724DF919D0035902B /* FirebaseStorageService.swift */ = {isa = PBXFileReference; lastKnownFileType = sourcecode.swift; path = FirebaseStorageService.swift; sourceTree = "<group>"; };
		B77C697924D9BA0F00F25E4A /* LoginPresenter.swift */ = {isa = PBXFileReference; lastKnownFileType = sourcecode.swift; path = LoginPresenter.swift; sourceTree = "<group>"; };
		B782733B24D8812E005A2FD6 /* PurchasedVideo.storyboard */ = {isa = PBXFileReference; lastKnownFileType = file.storyboard; path = PurchasedVideo.storyboard; sourceTree = "<group>"; };
		B782733D24D88148005A2FD6 /* DownloadedVideo.storyboard */ = {isa = PBXFileReference; lastKnownFileType = file.storyboard; path = DownloadedVideo.storyboard; sourceTree = "<group>"; };
		B782733F24D88165005A2FD6 /* MyList.storyboard */ = {isa = PBXFileReference; lastKnownFileType = file.storyboard; path = MyList.storyboard; sourceTree = "<group>"; };
		B782734124D88186005A2FD6 /* SearchVideo.storyboard */ = {isa = PBXFileReference; lastKnownFileType = file.storyboard; path = SearchVideo.storyboard; sourceTree = "<group>"; };
		B782734324D881BC005A2FD6 /* Setting.storyboard */ = {isa = PBXFileReference; lastKnownFileType = file.storyboard; path = Setting.storyboard; sourceTree = "<group>"; };
		B782734524D88210005A2FD6 /* SearchVideoViewController.swift */ = {isa = PBXFileReference; lastKnownFileType = sourcecode.swift; path = SearchVideoViewController.swift; sourceTree = "<group>"; };
		B782734724D88225005A2FD6 /* SettingViewController.swift */ = {isa = PBXFileReference; lastKnownFileType = sourcecode.swift; path = SettingViewController.swift; sourceTree = "<group>"; };
		B782734B24D88380005A2FD6 /* PurchasedVideoPresenter.swift */ = {isa = PBXFileReference; lastKnownFileType = sourcecode.swift; path = PurchasedVideoPresenter.swift; sourceTree = "<group>"; };
		B782734D24D8838C005A2FD6 /* DownloadedVideoPresenter.swift */ = {isa = PBXFileReference; lastKnownFileType = sourcecode.swift; path = DownloadedVideoPresenter.swift; sourceTree = "<group>"; };
		B782734F24D8839B005A2FD6 /* MyListPresenter.swift */ = {isa = PBXFileReference; lastKnownFileType = sourcecode.swift; path = MyListPresenter.swift; sourceTree = "<group>"; };
		B782735124D883AB005A2FD6 /* SearchVideoPresenter.swift */ = {isa = PBXFileReference; lastKnownFileType = sourcecode.swift; path = SearchVideoPresenter.swift; sourceTree = "<group>"; };
		B782735324D883B8005A2FD6 /* SettingPresenter.swift */ = {isa = PBXFileReference; lastKnownFileType = sourcecode.swift; path = SettingPresenter.swift; sourceTree = "<group>"; };
		B785CE6924D9C3B40036393B /* CommonPresenter.swift */ = {isa = PBXFileReference; lastKnownFileType = sourcecode.swift; path = CommonPresenter.swift; sourceTree = "<group>"; };
		B785CE6B24D9C44E0036393B /* BaseViewController.swift */ = {isa = PBXFileReference; lastKnownFileType = sourcecode.swift; path = BaseViewController.swift; sourceTree = "<group>"; };
		B791312924DA861E00E0892A /* R.generated.swift */ = {isa = PBXFileReference; fileEncoding = 4; lastKnownFileType = sourcecode.swift; path = R.generated.swift; sourceTree = "<group>"; };
		B791312B24DA8C8600E0892A /* PurchasedVideoViewController.swift */ = {isa = PBXFileReference; lastKnownFileType = sourcecode.swift; path = PurchasedVideoViewController.swift; sourceTree = "<group>"; };
		B791312D24DA93F300E0892A /* SlideMenu.storyboard */ = {isa = PBXFileReference; lastKnownFileType = file.storyboard; path = SlideMenu.storyboard; sourceTree = "<group>"; };
		B791313124DA9FE500E0892A /* CustomNavigationBarView.xib */ = {isa = PBXFileReference; lastKnownFileType = file.xib; path = CustomNavigationBarView.xib; sourceTree = "<group>"; };
		B791313724DAA0CF00E0892A /* CustomNavigationBarView.swift */ = {isa = PBXFileReference; lastKnownFileType = sourcecode.swift; name = CustomNavigationBarView.swift; path = /Users/sugiyamakazuki/1_SwiftProjects/SimpleVideoApp/CustomNavigationBarView.swift; sourceTree = "<absolute>"; };
		B791313924DAA0F800E0892A /* VideoListTableViewCell.swift */ = {isa = PBXFileReference; lastKnownFileType = sourcecode.swift; path = VideoListTableViewCell.swift; sourceTree = "<group>"; };
		B791313B24DABA0C00E0892A /* BaseView.swift */ = {isa = PBXFileReference; lastKnownFileType = sourcecode.swift; path = BaseView.swift; sourceTree = "<group>"; };
		B79E8A4A24D8788C00923859 /* SimpleVideoApp.app */ = {isa = PBXFileReference; explicitFileType = wrapper.application; includeInIndex = 0; path = SimpleVideoApp.app; sourceTree = BUILT_PRODUCTS_DIR; };
		B79E8A4D24D8788C00923859 /* AppDelegate.swift */ = {isa = PBXFileReference; lastKnownFileType = sourcecode.swift; path = AppDelegate.swift; sourceTree = "<group>"; };
		B79E8A4F24D8788C00923859 /* SceneDelegate.swift */ = {isa = PBXFileReference; lastKnownFileType = sourcecode.swift; path = SceneDelegate.swift; sourceTree = "<group>"; };
		B79E8A5124D8788C00923859 /* LoginViewController.swift */ = {isa = PBXFileReference; lastKnownFileType = sourcecode.swift; path = LoginViewController.swift; sourceTree = "<group>"; };
		B79E8A5424D8788C00923859 /* Base */ = {isa = PBXFileReference; lastKnownFileType = file.storyboard; name = Base; path = Base.lproj/Login.storyboard; sourceTree = "<group>"; };
		B79E8A5624D8788F00923859 /* Assets.xcassets */ = {isa = PBXFileReference; lastKnownFileType = folder.assetcatalog; path = Assets.xcassets; sourceTree = "<group>"; };
		B79E8A5924D8788F00923859 /* Base */ = {isa = PBXFileReference; lastKnownFileType = file.storyboard; name = Base; path = Base.lproj/LaunchScreen.storyboard; sourceTree = "<group>"; };
		B79E8A5B24D8788F00923859 /* Info.plist */ = {isa = PBXFileReference; lastKnownFileType = text.plist.xml; path = Info.plist; sourceTree = "<group>"; };
		B7A2ADA824DAFEBD009B53C0 /* VideoListTableViewCell.xib */ = {isa = PBXFileReference; lastKnownFileType = file.xib; path = VideoListTableViewCell.xib; sourceTree = "<group>"; };
		B7A2DEC424E181D50028E5DF /* NetworkStatusService.swift */ = {isa = PBXFileReference; lastKnownFileType = sourcecode.swift; path = NetworkStatusService.swift; sourceTree = "<group>"; };
		B7A2DEC824E1978B0028E5DF /* Constant.swift */ = {isa = PBXFileReference; lastKnownFileType = sourcecode.swift; path = Constant.swift; sourceTree = "<group>"; };
		B7CD6CAE24DF177D00C37A5A /* RegistrationPresenter.swift */ = {isa = PBXFileReference; lastKnownFileType = sourcecode.swift; path = RegistrationPresenter.swift; sourceTree = "<group>"; };
		B7CD6CB024DF189600C37A5A /* PasswordReissuePresenter.swift */ = {isa = PBXFileReference; lastKnownFileType = sourcecode.swift; path = PasswordReissuePresenter.swift; sourceTree = "<group>"; };
		BBB13B2B6C9FAAABE0DA23B1 /* Pods_SimpleVideoApp.framework */ = {isa = PBXFileReference; explicitFileType = wrapper.framework; includeInIndex = 0; path = Pods_SimpleVideoApp.framework; sourceTree = BUILT_PRODUCTS_DIR; };
		FA541419D3905C071916D5C7 /* Pods-SimpleVideoApp.debug.xcconfig */ = {isa = PBXFileReference; includeInIndex = 1; lastKnownFileType = text.xcconfig; name = "Pods-SimpleVideoApp.debug.xcconfig"; path = "Target Support Files/Pods-SimpleVideoApp/Pods-SimpleVideoApp.debug.xcconfig"; sourceTree = "<group>"; };
/* End PBXFileReference section */

/* Begin PBXFrameworksBuildPhase section */
		B79E8A4724D8788C00923859 /* Frameworks */ = {
			isa = PBXFrameworksBuildPhase;
			buildActionMask = 2147483647;
			files = (
				02ADE1DA7A497DCA4CD129E2 /* Pods_SimpleVideoApp.framework in Frameworks */,
			);
			runOnlyForDeploymentPostprocessing = 0;
		};
/* End PBXFrameworksBuildPhase section */

/* Begin PBXGroup section */
		32EEB1901786150249189305 /* Frameworks */ = {
			isa = PBXGroup;
			children = (
				BBB13B2B6C9FAAABE0DA23B1 /* Pods_SimpleVideoApp.framework */,
			);
			name = Frameworks;
			sourceTree = "<group>";
		};
		AB68E9AE5C52403B22D95A8D /* Pods */ = {
			isa = PBXGroup;
			children = (
				FA541419D3905C071916D5C7 /* Pods-SimpleVideoApp.debug.xcconfig */,
				8F3B7AE048029E371A96A30C /* Pods-SimpleVideoApp.release.xcconfig */,
			);
			path = Pods;
			sourceTree = "<group>";
		};
		B782733524D87FC3005A2FD6 /* Presenter */ = {
			isa = PBXGroup;
			children = (
				B785CE6924D9C3B40036393B /* CommonPresenter.swift */,
				B7CD6CAE24DF177D00C37A5A /* RegistrationPresenter.swift */,
				B77C697924D9BA0F00F25E4A /* LoginPresenter.swift */,
				B7CD6CB024DF189600C37A5A /* PasswordReissuePresenter.swift */,
				B782734B24D88380005A2FD6 /* PurchasedVideoPresenter.swift */,
				B782734D24D8838C005A2FD6 /* DownloadedVideoPresenter.swift */,
				B782734F24D8839B005A2FD6 /* MyListPresenter.swift */,
				B782735124D883AB005A2FD6 /* SearchVideoPresenter.swift */,
				B782735324D883B8005A2FD6 /* SettingPresenter.swift */,
			);
			path = Presenter;
			sourceTree = "<group>";
		};
		B782733824D8801A005A2FD6 /* Model */ = {
			isa = PBXGroup;
			children = (
				B7679D5224E19DD2005DEFF9 /* WiFiSettingEntity.swift */,
				B704519E24E298CE00EFFD71 /* VideoInfoEntity.swift */,
				B762227024DDF6B40067BF20 /* FirebaseService.swift */,
				B77330F724DF919D0035902B /* FirebaseStorageService.swift */,
				B7A2DEC424E181D50028E5DF /* NetworkStatusService.swift */,
				B762227424DDFA0B0067BF20 /* VideoInfo.swift */,
			);
			path = Model;
			sourceTree = "<group>";
		};
		B782733924D8802B005A2FD6 /* ViewController */ = {
			isa = PBXGroup;
			children = (
				B782733A24D880E5005A2FD6 /* Storyboard */,
				B785CE6B24D9C44E0036393B /* BaseViewController.swift */,
				B75CB48824DEEDBB00400448 /* RegistrationViewController.swift */,
				B79E8A5124D8788C00923859 /* LoginViewController.swift */,
				B75CB48C24DEEE0500400448 /* PasswordReissueViewController.swift */,
				B791312B24DA8C8600E0892A /* PurchasedVideoViewController.swift */,
				B729E94224DC3EEE00ACB551 /* PurchasedVideoBaseViewController.swift */,
				B72F39C024DB4CC40005CD8E /* DownloadedVideoViewController.swift */,
				B729E93C24DBEA9700ACB551 /* DownloadedVideoBaseViewController.swift */,
				B729E94824DC3FA200ACB551 /* MyListViewController.swift */,
				B729E94A24DC3FC100ACB551 /* MyListBaseViewController.swift */,
				B782734524D88210005A2FD6 /* SearchVideoViewController.swift */,
				B782734724D88225005A2FD6 /* SettingViewController.swift */,
				B72F39C224DB55190005CD8E /* SlideMenuViewController.swift */,
				B75EAA6424DCA1F300DEB06F /* VideoPlayerViewController.swift */,
				B75EAA6224DC9F5900DEB06F /* VideoPlayerView.swift */,
			);
			path = ViewController;
			sourceTree = "<group>";
		};
		B782733A24D880E5005A2FD6 /* Storyboard */ = {
			isa = PBXGroup;
			children = (
				B75CB48A24DEEDD100400448 /* Registration.storyboard */,
				B79E8A5324D8788C00923859 /* Login.storyboard */,
				B75CB48E24DEEE1F00400448 /* PasswordReissue.storyboard */,
				B782733B24D8812E005A2FD6 /* PurchasedVideo.storyboard */,
				B729E94024DC3EB600ACB551 /* PurchasedVideoBase.storyboard */,
				B782733D24D88148005A2FD6 /* DownloadedVideo.storyboard */,
				B729E93E24DBEC5C00ACB551 /* DownloadedVideoBase.storyboard */,
				B782733F24D88165005A2FD6 /* MyList.storyboard */,
				B729E94424DC3F3200ACB551 /* MyListBase.storyboard */,
				B782734124D88186005A2FD6 /* SearchVideo.storyboard */,
				B782734324D881BC005A2FD6 /* Setting.storyboard */,
				B791312D24DA93F300E0892A /* SlideMenu.storyboard */,
				B75EAA6024DC9F0900DEB06F /* VideoPlayer.storyboard */,
			);
			path = Storyboard;
			sourceTree = "<group>";
		};
		B791312F24DA9F7E00E0892A /* View */ = {
			isa = PBXGroup;
			children = (
				B791313024DA9F9300E0892A /* xib */,
				B791313B24DABA0C00E0892A /* BaseView.swift */,
				B791313724DAA0CF00E0892A /* CustomNavigationBarView.swift */,
				B75CB49224DEF14700400448 /* CustomInputPartsView.swift */,
				B791313924DAA0F800E0892A /* VideoListTableViewCell.swift */,
			);
			name = View;
			path = ..;
			sourceTree = "<group>";
		};
		B791313024DA9F9300E0892A /* xib */ = {
			isa = PBXGroup;
			children = (
				B791313124DA9FE500E0892A /* CustomNavigationBarView.xib */,
				B75CB49024DEF08A00400448 /* CustomInputPartsView.xib */,
				B7A2ADA824DAFEBD009B53C0 /* VideoListTableViewCell.xib */,
			);
			path = xib;
			sourceTree = "<group>";
		};
		B79E8A4124D8788C00923859 = {
			isa = PBXGroup;
			children = (
				B74CE83324DE895A00167551 /* GoogleService-Info.plist */,
				B791312924DA861E00E0892A /* R.generated.swift */,
				B79E8A4C24D8788C00923859 /* SimpleVideoApp */,
				B79E8A4B24D8788C00923859 /* Products */,
				AB68E9AE5C52403B22D95A8D /* Pods */,
				32EEB1901786150249189305 /* Frameworks */,
			);
			sourceTree = "<group>";
		};
		B79E8A4B24D8788C00923859 /* Products */ = {
			isa = PBXGroup;
			children = (
				B79E8A4A24D8788C00923859 /* SimpleVideoApp.app */,
			);
			name = Products;
			sourceTree = "<group>";
		};
		B79E8A4C24D8788C00923859 /* SimpleVideoApp */ = {
			isa = PBXGroup;
			children = (
				B7A2DEC824E1978B0028E5DF /* Constant.swift */,
				B79E8A4D24D8788C00923859 /* AppDelegate.swift */,
				B79E8A4F24D8788C00923859 /* SceneDelegate.swift */,
				B782733824D8801A005A2FD6 /* Model */,
				B782733924D8802B005A2FD6 /* ViewController */,
				B791312F24DA9F7E00E0892A /* View */,
				B782733524D87FC3005A2FD6 /* Presenter */,
				B79E8A5624D8788F00923859 /* Assets.xcassets */,
				B79E8A5824D8788F00923859 /* LaunchScreen.storyboard */,
				B79E8A5B24D8788F00923859 /* Info.plist */,
			);
			path = SimpleVideoApp;
			sourceTree = "<group>";
		};
/* End PBXGroup section */

/* Begin PBXNativeTarget section */
		B79E8A4924D8788C00923859 /* SimpleVideoApp */ = {
			isa = PBXNativeTarget;
			buildConfigurationList = B79E8A5E24D8788F00923859 /* Build configuration list for PBXNativeTarget "SimpleVideoApp" */;
			buildPhases = (
				FC197387A18A4042FCA16AEC /* [CP] Check Pods Manifest.lock */,
				B791312824DA857F00E0892A /* Run Script */,
				B79E8A4624D8788C00923859 /* Sources */,
				B79E8A4724D8788C00923859 /* Frameworks */,
				B79E8A4824D8788C00923859 /* Resources */,
				DD352E927E10036BE7E4FE52 /* [CP] Embed Pods Frameworks */,
			);
			buildRules = (
			);
			dependencies = (
			);
			name = SimpleVideoApp;
			productName = SimpleVideoApp;
			productReference = B79E8A4A24D8788C00923859 /* SimpleVideoApp.app */;
			productType = "com.apple.product-type.application";
		};
/* End PBXNativeTarget section */

/* Begin PBXProject section */
		B79E8A4224D8788C00923859 /* Project object */ = {
			isa = PBXProject;
			attributes = {
				LastSwiftUpdateCheck = 1110;
				LastUpgradeCheck = 1110;
				ORGANIZATIONNAME = "杉山和輝";
				TargetAttributes = {
					B79E8A4924D8788C00923859 = {
						CreatedOnToolsVersion = 11.1;
					};
				};
			};
			buildConfigurationList = B79E8A4524D8788C00923859 /* Build configuration list for PBXProject "SimpleVideoApp" */;
			compatibilityVersion = "Xcode 9.3";
			developmentRegion = en;
			hasScannedForEncodings = 0;
			knownRegions = (
				en,
				Base,
			);
			mainGroup = B79E8A4124D8788C00923859;
			productRefGroup = B79E8A4B24D8788C00923859 /* Products */;
			projectDirPath = "";
			projectRoot = "";
			targets = (
				B79E8A4924D8788C00923859 /* SimpleVideoApp */,
			);
		};
/* End PBXProject section */

/* Begin PBXResourcesBuildPhase section */
		B79E8A4824D8788C00923859 /* Resources */ = {
			isa = PBXResourcesBuildPhase;
			buildActionMask = 2147483647;
			files = (
				B729E93F24DBEC5C00ACB551 /* DownloadedVideoBase.storyboard in Resources */,
				B79E8A5524D8788C00923859 /* Login.storyboard in Resources */,
				B782734224D88186005A2FD6 /* SearchVideo.storyboard in Resources */,
				B75CB48F24DEEE1F00400448 /* PasswordReissue.storyboard in Resources */,
				B79E8A5A24D8788F00923859 /* LaunchScreen.storyboard in Resources */,
				B75EAA6124DC9F0900DEB06F /* VideoPlayer.storyboard in Resources */,
				B782733E24D88148005A2FD6 /* DownloadedVideo.storyboard in Resources */,
				B782734024D88165005A2FD6 /* MyList.storyboard in Resources */,
				B791312E24DA93F300E0892A /* SlideMenu.storyboard in Resources */,
				B79E8A5724D8788F00923859 /* Assets.xcassets in Resources */,
				B791313224DA9FE500E0892A /* CustomNavigationBarView.xib in Resources */,
				B74CE83424DE895A00167551 /* GoogleService-Info.plist in Resources */,
				B729E94124DC3EB600ACB551 /* PurchasedVideoBase.storyboard in Resources */,
				B782733C24D8812E005A2FD6 /* PurchasedVideo.storyboard in Resources */,
				B75CB49124DEF08A00400448 /* CustomInputPartsView.xib in Resources */,
				B729E94524DC3F3200ACB551 /* MyListBase.storyboard in Resources */,
				B7A2ADA924DAFEBD009B53C0 /* VideoListTableViewCell.xib in Resources */,
				B782734424D881BC005A2FD6 /* Setting.storyboard in Resources */,
				B75CB48B24DEEDD100400448 /* Registration.storyboard in Resources */,
			);
			runOnlyForDeploymentPostprocessing = 0;
		};
/* End PBXResourcesBuildPhase section */

/* Begin PBXShellScriptBuildPhase section */
		B791312824DA857F00E0892A /* Run Script */ = {
			isa = PBXShellScriptBuildPhase;
			buildActionMask = 2147483647;
			files = (
			);
			inputFileListPaths = (
			);
			inputPaths = (
				"$TEMP_DIR/rswift-lastrun",
			);
			name = "Run Script";
			outputFileListPaths = (
			);
			outputPaths = (
				$SRCROOT/R.generated.swift,
			);
			runOnlyForDeploymentPostprocessing = 0;
			shellPath = /bin/sh;
			shellScript = "\"$PODS_ROOT/R.swift/rswift\" generate \"$SRCROOT/R.generated.swift\"\n";
		};
		DD352E927E10036BE7E4FE52 /* [CP] Embed Pods Frameworks */ = {
			isa = PBXShellScriptBuildPhase;
			buildActionMask = 2147483647;
			files = (
			);
			inputFileListPaths = (
				"${PODS_ROOT}/Target Support Files/Pods-SimpleVideoApp/Pods-SimpleVideoApp-frameworks-${CONFIGURATION}-input-files.xcfilelist",
			);
			name = "[CP] Embed Pods Frameworks";
			outputFileListPaths = (
				"${PODS_ROOT}/Target Support Files/Pods-SimpleVideoApp/Pods-SimpleVideoApp-frameworks-${CONFIGURATION}-output-files.xcfilelist",
			);
			runOnlyForDeploymentPostprocessing = 0;
			shellPath = /bin/sh;
			shellScript = "\"${PODS_ROOT}/Target Support Files/Pods-SimpleVideoApp/Pods-SimpleVideoApp-frameworks.sh\"\n";
			showEnvVarsInLog = 0;
		};
		FC197387A18A4042FCA16AEC /* [CP] Check Pods Manifest.lock */ = {
			isa = PBXShellScriptBuildPhase;
			buildActionMask = 2147483647;
			files = (
			);
			inputFileListPaths = (
			);
			inputPaths = (
				"${PODS_PODFILE_DIR_PATH}/Podfile.lock",
				"${PODS_ROOT}/Manifest.lock",
			);
			name = "[CP] Check Pods Manifest.lock";
			outputFileListPaths = (
			);
			outputPaths = (
				"$(DERIVED_FILE_DIR)/Pods-SimpleVideoApp-checkManifestLockResult.txt",
			);
			runOnlyForDeploymentPostprocessing = 0;
			shellPath = /bin/sh;
			shellScript = "diff \"${PODS_PODFILE_DIR_PATH}/Podfile.lock\" \"${PODS_ROOT}/Manifest.lock\" > /dev/null\nif [ $? != 0 ] ; then\n    # print error to STDERR\n    echo \"error: The sandbox is not in sync with the Podfile.lock. Run 'pod install' or update your CocoaPods installation.\" >&2\n    exit 1\nfi\n# This output is used by Xcode 'outputs' to avoid re-running this script phase.\necho \"SUCCESS\" > \"${SCRIPT_OUTPUT_FILE_0}\"\n";
			showEnvVarsInLog = 0;
		};
/* End PBXShellScriptBuildPhase section */

/* Begin PBXSourcesBuildPhase section */
		B79E8A4624D8788C00923859 /* Sources */ = {
			isa = PBXSourcesBuildPhase;
			buildActionMask = 2147483647;
			files = (
				B791313C24DABA0C00E0892A /* BaseView.swift in Sources */,
				B79E8A5224D8788C00923859 /* LoginViewController.swift in Sources */,
				B79E8A4E24D8788C00923859 /* AppDelegate.swift in Sources */,
				B782734624D88210005A2FD6 /* SearchVideoViewController.swift in Sources */,
				B729E93D24DBEA9700ACB551 /* DownloadedVideoBaseViewController.swift in Sources */,
				B791313A24DAA0F800E0892A /* VideoListTableViewCell.swift in Sources */,
				B7CD6CAF24DF177D00C37A5A /* RegistrationPresenter.swift in Sources */,
				B782734824D88225005A2FD6 /* SettingViewController.swift in Sources */,
				B77330F824DF919D0035902B /* FirebaseStorageService.swift in Sources */,
				B75EAA6324DC9F5900DEB06F /* VideoPlayerView.swift in Sources */,
				B782735424D883B8005A2FD6 /* SettingPresenter.swift in Sources */,
				B791313824DAA0D000E0892A /* CustomNavigationBarView.swift in Sources */,
				B782735024D8839B005A2FD6 /* MyListPresenter.swift in Sources */,
				B75CB49324DEF14700400448 /* CustomInputPartsView.swift in Sources */,
				B7679D5324E19DD2005DEFF9 /* WiFiSettingEntity.swift in Sources */,
				B704519F24E298CE00EFFD71 /* VideoInfoEntity.swift in Sources */,
				B7A2DEC524E181D50028E5DF /* NetworkStatusService.swift in Sources */,
				B762227124DDF6B40067BF20 /* FirebaseService.swift in Sources */,
				B7A2DEC924E1978B0028E5DF /* Constant.swift in Sources */,
				B791312C24DA8C8600E0892A /* PurchasedVideoViewController.swift in Sources */,
				B72F39C324DB55190005CD8E /* SlideMenuViewController.swift in Sources */,
				B782735224D883AB005A2FD6 /* SearchVideoPresenter.swift in Sources */,
				B729E94924DC3FA200ACB551 /* MyListViewController.swift in Sources */,
				B791312A24DA861E00E0892A /* R.generated.swift in Sources */,
				B762227524DDFA0B0067BF20 /* VideoInfo.swift in Sources */,
				B785CE6C24D9C44E0036393B /* BaseViewController.swift in Sources */,
				B72F39C124DB4CC40005CD8E /* DownloadedVideoViewController.swift in Sources */,
				B729E94B24DC3FC100ACB551 /* MyListBaseViewController.swift in Sources */,
				B729E94324DC3EEE00ACB551 /* PurchasedVideoBaseViewController.swift in Sources */,
				B782734C24D88380005A2FD6 /* PurchasedVideoPresenter.swift in Sources */,
				B75CB48924DEEDBB00400448 /* RegistrationViewController.swift in Sources */,
				B782734E24D8838C005A2FD6 /* DownloadedVideoPresenter.swift in Sources */,
				B79E8A5024D8788C00923859 /* SceneDelegate.swift in Sources */,
				B75EAA6524DCA1F300DEB06F /* VideoPlayerViewController.swift in Sources */,
				B7CD6CB124DF189700C37A5A /* PasswordReissuePresenter.swift in Sources */,
				B785CE6A24D9C3B40036393B /* CommonPresenter.swift in Sources */,
				B77C697A24D9BA0F00F25E4A /* LoginPresenter.swift in Sources */,
				B75CB48D24DEEE0500400448 /* PasswordReissueViewController.swift in Sources */,
			);
			runOnlyForDeploymentPostprocessing = 0;
		};
/* End PBXSourcesBuildPhase section */

/* Begin PBXVariantGroup section */
		B79E8A5324D8788C00923859 /* Login.storyboard */ = {
			isa = PBXVariantGroup;
			children = (
				B79E8A5424D8788C00923859 /* Base */,
			);
			name = Login.storyboard;
			sourceTree = "<group>";
		};
		B79E8A5824D8788F00923859 /* LaunchScreen.storyboard */ = {
			isa = PBXVariantGroup;
			children = (
				B79E8A5924D8788F00923859 /* Base */,
			);
			name = LaunchScreen.storyboard;
			sourceTree = "<group>";
		};
/* End PBXVariantGroup section */

/* Begin XCBuildConfiguration section */
		B79E8A5C24D8788F00923859 /* Debug */ = {
			isa = XCBuildConfiguration;
			buildSettings = {
				ALWAYS_SEARCH_USER_PATHS = NO;
				CLANG_ANALYZER_NONNULL = YES;
				CLANG_ANALYZER_NUMBER_OBJECT_CONVERSION = YES_AGGRESSIVE;
				CLANG_CXX_LANGUAGE_STANDARD = "gnu++14";
				CLANG_CXX_LIBRARY = "libc++";
				CLANG_ENABLE_MODULES = YES;
				CLANG_ENABLE_OBJC_ARC = YES;
				CLANG_ENABLE_OBJC_WEAK = YES;
				CLANG_WARN_BLOCK_CAPTURE_AUTORELEASING = YES;
				CLANG_WARN_BOOL_CONVERSION = YES;
				CLANG_WARN_COMMA = YES;
				CLANG_WARN_CONSTANT_CONVERSION = YES;
				CLANG_WARN_DEPRECATED_OBJC_IMPLEMENTATIONS = YES;
				CLANG_WARN_DIRECT_OBJC_ISA_USAGE = YES_ERROR;
				CLANG_WARN_DOCUMENTATION_COMMENTS = YES;
				CLANG_WARN_EMPTY_BODY = YES;
				CLANG_WARN_ENUM_CONVERSION = YES;
				CLANG_WARN_INFINITE_RECURSION = YES;
				CLANG_WARN_INT_CONVERSION = YES;
				CLANG_WARN_NON_LITERAL_NULL_CONVERSION = YES;
				CLANG_WARN_OBJC_IMPLICIT_RETAIN_SELF = YES;
				CLANG_WARN_OBJC_LITERAL_CONVERSION = YES;
				CLANG_WARN_OBJC_ROOT_CLASS = YES_ERROR;
				CLANG_WARN_RANGE_LOOP_ANALYSIS = YES;
				CLANG_WARN_STRICT_PROTOTYPES = YES;
				CLANG_WARN_SUSPICIOUS_MOVE = YES;
				CLANG_WARN_UNGUARDED_AVAILABILITY = YES_AGGRESSIVE;
				CLANG_WARN_UNREACHABLE_CODE = YES;
				CLANG_WARN__DUPLICATE_METHOD_MATCH = YES;
				COPY_PHASE_STRIP = NO;
				DEBUG_INFORMATION_FORMAT = dwarf;
				ENABLE_STRICT_OBJC_MSGSEND = YES;
				ENABLE_TESTABILITY = YES;
				GCC_C_LANGUAGE_STANDARD = gnu11;
				GCC_DYNAMIC_NO_PIC = NO;
				GCC_NO_COMMON_BLOCKS = YES;
				GCC_OPTIMIZATION_LEVEL = 0;
				GCC_PREPROCESSOR_DEFINITIONS = (
					"DEBUG=1",
					"$(inherited)",
				);
				GCC_WARN_64_TO_32_BIT_CONVERSION = YES;
				GCC_WARN_ABOUT_RETURN_TYPE = YES_ERROR;
				GCC_WARN_UNDECLARED_SELECTOR = YES;
				GCC_WARN_UNINITIALIZED_AUTOS = YES_AGGRESSIVE;
				GCC_WARN_UNUSED_FUNCTION = YES;
				GCC_WARN_UNUSED_VARIABLE = YES;
				IPHONEOS_DEPLOYMENT_TARGET = 13.1;
				MTL_ENABLE_DEBUG_INFO = INCLUDE_SOURCE;
				MTL_FAST_MATH = YES;
				ONLY_ACTIVE_ARCH = YES;
				SDKROOT = iphoneos;
				SWIFT_ACTIVE_COMPILATION_CONDITIONS = DEBUG;
				SWIFT_OPTIMIZATION_LEVEL = "-Onone";
			};
			name = Debug;
		};
		B79E8A5D24D8788F00923859 /* Release */ = {
			isa = XCBuildConfiguration;
			buildSettings = {
				ALWAYS_SEARCH_USER_PATHS = NO;
				CLANG_ANALYZER_NONNULL = YES;
				CLANG_ANALYZER_NUMBER_OBJECT_CONVERSION = YES_AGGRESSIVE;
				CLANG_CXX_LANGUAGE_STANDARD = "gnu++14";
				CLANG_CXX_LIBRARY = "libc++";
				CLANG_ENABLE_MODULES = YES;
				CLANG_ENABLE_OBJC_ARC = YES;
				CLANG_ENABLE_OBJC_WEAK = YES;
				CLANG_WARN_BLOCK_CAPTURE_AUTORELEASING = YES;
				CLANG_WARN_BOOL_CONVERSION = YES;
				CLANG_WARN_COMMA = YES;
				CLANG_WARN_CONSTANT_CONVERSION = YES;
				CLANG_WARN_DEPRECATED_OBJC_IMPLEMENTATIONS = YES;
				CLANG_WARN_DIRECT_OBJC_ISA_USAGE = YES_ERROR;
				CLANG_WARN_DOCUMENTATION_COMMENTS = YES;
				CLANG_WARN_EMPTY_BODY = YES;
				CLANG_WARN_ENUM_CONVERSION = YES;
				CLANG_WARN_INFINITE_RECURSION = YES;
				CLANG_WARN_INT_CONVERSION = YES;
				CLANG_WARN_NON_LITERAL_NULL_CONVERSION = YES;
				CLANG_WARN_OBJC_IMPLICIT_RETAIN_SELF = YES;
				CLANG_WARN_OBJC_LITERAL_CONVERSION = YES;
				CLANG_WARN_OBJC_ROOT_CLASS = YES_ERROR;
				CLANG_WARN_RANGE_LOOP_ANALYSIS = YES;
				CLANG_WARN_STRICT_PROTOTYPES = YES;
				CLANG_WARN_SUSPICIOUS_MOVE = YES;
				CLANG_WARN_UNGUARDED_AVAILABILITY = YES_AGGRESSIVE;
				CLANG_WARN_UNREACHABLE_CODE = YES;
				CLANG_WARN__DUPLICATE_METHOD_MATCH = YES;
				COPY_PHASE_STRIP = NO;
				DEBUG_INFORMATION_FORMAT = "dwarf-with-dsym";
				ENABLE_NS_ASSERTIONS = NO;
				ENABLE_STRICT_OBJC_MSGSEND = YES;
				GCC_C_LANGUAGE_STANDARD = gnu11;
				GCC_NO_COMMON_BLOCKS = YES;
				GCC_WARN_64_TO_32_BIT_CONVERSION = YES;
				GCC_WARN_ABOUT_RETURN_TYPE = YES_ERROR;
				GCC_WARN_UNDECLARED_SELECTOR = YES;
				GCC_WARN_UNINITIALIZED_AUTOS = YES_AGGRESSIVE;
				GCC_WARN_UNUSED_FUNCTION = YES;
				GCC_WARN_UNUSED_VARIABLE = YES;
				IPHONEOS_DEPLOYMENT_TARGET = 13.1;
				MTL_ENABLE_DEBUG_INFO = NO;
				MTL_FAST_MATH = YES;
				SDKROOT = iphoneos;
				SWIFT_COMPILATION_MODE = wholemodule;
				SWIFT_OPTIMIZATION_LEVEL = "-O";
				VALIDATE_PRODUCT = YES;
			};
			name = Release;
		};
		B79E8A5F24D8788F00923859 /* Debug */ = {
			isa = XCBuildConfiguration;
			baseConfigurationReference = FA541419D3905C071916D5C7 /* Pods-SimpleVideoApp.debug.xcconfig */;
			buildSettings = {
				ASSETCATALOG_COMPILER_APPICON_NAME = AppIcon;
				CODE_SIGN_STYLE = Automatic;
				INFOPLIST_FILE = SimpleVideoApp/Info.plist;
				LD_RUNPATH_SEARCH_PATHS = (
					"$(inherited)",
					"@executable_path/Frameworks",
				);
				PRODUCT_BUNDLE_IDENTIFIER = com.testproject.SimpleVideoApp;
				PRODUCT_NAME = "$(TARGET_NAME)";
				SWIFT_VERSION = 5.0;
				TARGETED_DEVICE_FAMILY = 1;
			};
			name = Debug;
		};
		B79E8A6024D8788F00923859 /* Release */ = {
			isa = XCBuildConfiguration;
			baseConfigurationReference = 8F3B7AE048029E371A96A30C /* Pods-SimpleVideoApp.release.xcconfig */;
			buildSettings = {
				ASSETCATALOG_COMPILER_APPICON_NAME = AppIcon;
				CODE_SIGN_STYLE = Automatic;
				INFOPLIST_FILE = SimpleVideoApp/Info.plist;
				LD_RUNPATH_SEARCH_PATHS = (
					"$(inherited)",
					"@executable_path/Frameworks",
				);
				PRODUCT_BUNDLE_IDENTIFIER = com.testproject.SimpleVideoApp;
				PRODUCT_NAME = "$(TARGET_NAME)";
				SWIFT_VERSION = 5.0;
				TARGETED_DEVICE_FAMILY = 1;
			};
			name = Release;
		};
/* End XCBuildConfiguration section */

/* Begin XCConfigurationList section */
		B79E8A4524D8788C00923859 /* Build configuration list for PBXProject "SimpleVideoApp" */ = {
			isa = XCConfigurationList;
			buildConfigurations = (
				B79E8A5C24D8788F00923859 /* Debug */,
				B79E8A5D24D8788F00923859 /* Release */,
			);
			defaultConfigurationIsVisible = 0;
			defaultConfigurationName = Release;
		};
		B79E8A5E24D8788F00923859 /* Build configuration list for PBXNativeTarget "SimpleVideoApp" */ = {
			isa = XCConfigurationList;
			buildConfigurations = (
				B79E8A5F24D8788F00923859 /* Debug */,
				B79E8A6024D8788F00923859 /* Release */,
			);
			defaultConfigurationIsVisible = 0;
			defaultConfigurationName = Release;
		};
/* End XCConfigurationList section */
	};
	rootObject = B79E8A4224D8788C00923859 /* Project object */;
}
